// !$*UTF8*$!
{
	archiveVersion = 1;
	classes = {
	};
	objectVersion = 46;
	objects = {

/* Begin PBXBuildFile section */
		5F40474C1E043F2100BBC7E1 /* TestXIBCell.m in Sources */ = {isa = PBXBuildFile; fileRef = 5F40474A1E043F2100BBC7E1 /* TestXIBCell.m */; };
		5F40474D1E043F2100BBC7E1 /* TestXIBCell.xib in Resources */ = {isa = PBXBuildFile; fileRef = 5F40474B1E043F2100BBC7E1 /* TestXIBCell.xib */; };
		5FA236821DEAE4D500CB9279 /* main.m in Sources */ = {isa = PBXBuildFile; fileRef = 5FA236811DEAE4D500CB9279 /* main.m */; };
		5FA236851DEAE4D500CB9279 /* AppDelegate.m in Sources */ = {isa = PBXBuildFile; fileRef = 5FA236841DEAE4D500CB9279 /* AppDelegate.m */; };
		5FA236881DEAE4D500CB9279 /* ViewController.m in Sources */ = {isa = PBXBuildFile; fileRef = 5FA236871DEAE4D500CB9279 /* ViewController.m */; };
		5FA2368B1DEAE4D500CB9279 /* Main.storyboard in Resources */ = {isa = PBXBuildFile; fileRef = 5FA236891DEAE4D500CB9279 /* Main.storyboard */; };
		5FA2368D1DEAE4D500CB9279 /* Assets.xcassets in Resources */ = {isa = PBXBuildFile; fileRef = 5FA2368C1DEAE4D500CB9279 /* Assets.xcassets */; };
		5FA236901DEAE4D500CB9279 /* LaunchScreen.storyboard in Resources */ = {isa = PBXBuildFile; fileRef = 5FA2368E1DEAE4D500CB9279 /* LaunchScreen.storyboard */; };
		5FA236991DEAE50800CB9279 /* TestCell.m in Sources */ = {isa = PBXBuildFile; fileRef = 5FA236981DEAE50800CB9279 /* TestCell.m */; };
		8DEFE3D757637DC63E64F9B1 /* libPods.a in Frameworks */ = {isa = PBXBuildFile; fileRef = D155DD71A0EFADC776B371DE /* libPods.a */; };
/* End PBXBuildFile section */

/* Begin PBXFileReference section */
		2FE2AD4357971FF01DF05B35 /* Pods.debug.xcconfig */ = {isa = PBXFileReference; includeInIndex = 1; lastKnownFileType = text.xcconfig; name = Pods.debug.xcconfig; path = "Pods/Target Support Files/Pods/Pods.debug.xcconfig"; sourceTree = "<group>"; };
		5F4047491E043F2100BBC7E1 /* TestXIBCell.h */ = {isa = PBXFileReference; fileEncoding = 4; lastKnownFileType = sourcecode.c.h; path = TestXIBCell.h; sourceTree = "<group>"; };
		5F40474A1E043F2100BBC7E1 /* TestXIBCell.m */ = {isa = PBXFileReference; fileEncoding = 4; lastKnownFileType = sourcecode.c.objc; path = TestXIBCell.m; sourceTree = "<group>"; };
		5F40474B1E043F2100BBC7E1 /* TestXIBCell.xib */ = {isa = PBXFileReference; fileEncoding = 4; lastKnownFileType = file.xib; path = TestXIBCell.xib; sourceTree = "<group>"; };
		5FA2367D1DEAE4D500CB9279 /* TableViewDemo.app */ = {isa = PBXFileReference; explicitFileType = wrapper.application; includeInIndex = 0; path = TableViewDemo.app; sourceTree = BUILT_PRODUCTS_DIR; };
		5FA236811DEAE4D500CB9279 /* main.m */ = {isa = PBXFileReference; lastKnownFileType = sourcecode.c.objc; path = main.m; sourceTree = "<group>"; };
		5FA236831DEAE4D500CB9279 /* AppDelegate.h */ = {isa = PBXFileReference; lastKnownFileType = sourcecode.c.h; path = AppDelegate.h; sourceTree = "<group>"; };
		5FA236841DEAE4D500CB9279 /* AppDelegate.m */ = {isa = PBXFileReference; lastKnownFileType = sourcecode.c.objc; path = AppDelegate.m; sourceTree = "<group>"; };
		5FA236861DEAE4D500CB9279 /* ViewController.h */ = {isa = PBXFileReference; lastKnownFileType = sourcecode.c.h; path = ViewController.h; sourceTree = "<group>"; };
		5FA236871DEAE4D500CB9279 /* ViewController.m */ = {isa = PBXFileReference; lastKnownFileType = sourcecode.c.objc; path = ViewController.m; sourceTree = "<group>"; };
		5FA2368A1DEAE4D500CB9279 /* Base */ = {isa = PBXFileReference; lastKnownFileType = file.storyboard; name = Base; path = Base.lproj/Main.storyboard; sourceTree = "<group>"; };
		5FA2368C1DEAE4D500CB9279 /* Assets.xcassets */ = {isa = PBXFileReference; lastKnownFileType = folder.assetcatalog; path = Assets.xcassets; sourceTree = "<group>"; };
		5FA2368F1DEAE4D500CB9279 /* Base */ = {isa = PBXFileReference; lastKnownFileType = file.storyboard; name = Base; path = Base.lproj/LaunchScreen.storyboard; sourceTree = "<group>"; };
		5FA236911DEAE4D500CB9279 /* Info.plist */ = {isa = PBXFileReference; lastKnownFileType = text.plist.xml; path = Info.plist; sourceTree = "<group>"; };
		5FA236971DEAE50800CB9279 /* TestCell.h */ = {isa = PBXFileReference; fileEncoding = 4; lastKnownFileType = sourcecode.c.h; path = TestCell.h; sourceTree = "<group>"; };
		5FA236981DEAE50800CB9279 /* TestCell.m */ = {isa = PBXFileReference; fileEncoding = 4; lastKnownFileType = sourcecode.c.objc; path = TestCell.m; sourceTree = "<group>"; };
		D155DD71A0EFADC776B371DE /* libPods.a */ = {isa = PBXFileReference; explicitFileType = archive.ar; includeInIndex = 0; path = libPods.a; sourceTree = BUILT_PRODUCTS_DIR; };
		F9A3EDCB5DF20183BB505B4B /* Pods.release.xcconfig */ = {isa = PBXFileReference; includeInIndex = 1; lastKnownFileType = text.xcconfig; name = Pods.release.xcconfig; path = "Pods/Target Support Files/Pods/Pods.release.xcconfig"; sourceTree = "<group>"; };
/* End PBXFileReference section */

/* Begin PBXFrameworksBuildPhase section */
		5FA2367A1DEAE4D500CB9279 /* Frameworks */ = {
			isa = PBXFrameworksBuildPhase;
			buildActionMask = 2147483647;
			files = (
				8DEFE3D757637DC63E64F9B1 /* libPods.a in Frameworks */,
			);
			runOnlyForDeploymentPostprocessing = 0;
		};
/* End PBXFrameworksBuildPhase section */

/* Begin PBXGroup section */
		3F5BD0D88066D9BAF0FE36B2 /* Frameworks */ = {
			isa = PBXGroup;
			children = (
				D155DD71A0EFADC776B371DE /* libPods.a */,
			);
			name = Frameworks;
			sourceTree = "<group>";
		};
		5FA236741DEAE4D500CB9279 = {
			isa = PBXGroup;
			children = (
				5FA2367F1DEAE4D500CB9279 /* TableViewDemo */,
				5FA2367E1DEAE4D500CB9279 /* Products */,
				65A823E6B922AC58C188C4E0 /* Pods */,
				3F5BD0D88066D9BAF0FE36B2 /* Frameworks */,
			);
			sourceTree = "<group>";
		};
		5FA2367E1DEAE4D500CB9279 /* Products */ = {
			isa = PBXGroup;
			children = (
				5FA2367D1DEAE4D500CB9279 /* TableViewDemo.app */,
			);
			name = Products;
			sourceTree = "<group>";
		};
		5FA2367F1DEAE4D500CB9279 /* TableViewDemo */ = {
			isa = PBXGroup;
			children = (
				5FA236831DEAE4D500CB9279 /* AppDelegate.h */,
				5FA236841DEAE4D500CB9279 /* AppDelegate.m */,
				5FA236861DEAE4D500CB9279 /* ViewController.h */,
				5FA236871DEAE4D500CB9279 /* ViewController.m */,
				5FA236971DEAE50800CB9279 /* TestCell.h */,
				5FA236981DEAE50800CB9279 /* TestCell.m */,
				5F4047491E043F2100BBC7E1 /* TestXIBCell.h */,
				5F40474A1E043F2100BBC7E1 /* TestXIBCell.m */,
				5F40474B1E043F2100BBC7E1 /* TestXIBCell.xib */,
				5FA236891DEAE4D500CB9279 /* Main.storyboard */,
				5FA2368C1DEAE4D500CB9279 /* Assets.xcassets */,
				5FA2368E1DEAE4D500CB9279 /* LaunchScreen.storyboard */,
				5FA236911DEAE4D500CB9279 /* Info.plist */,
				5FA236801DEAE4D500CB9279 /* Supporting Files */,
			);
			path = TableViewDemo;
			sourceTree = "<group>";
		};
		5FA236801DEAE4D500CB9279 /* Supporting Files */ = {
			isa = PBXGroup;
			children = (
				5FA236811DEAE4D500CB9279 /* main.m */,
			);
			name = "Supporting Files";
			sourceTree = "<group>";
		};
		65A823E6B922AC58C188C4E0 /* Pods */ = {
			isa = PBXGroup;
			children = (
				2FE2AD4357971FF01DF05B35 /* Pods.debug.xcconfig */,
				F9A3EDCB5DF20183BB505B4B /* Pods.release.xcconfig */,
			);
			name = Pods;
			sourceTree = "<group>";
		};
/* End PBXGroup section */

/* Begin PBXNativeTarget section */
		5FA2367C1DEAE4D500CB9279 /* TableViewDemo */ = {
			isa = PBXNativeTarget;
			buildConfigurationList = 5FA236941DEAE4D500CB9279 /* Build configuration list for PBXNativeTarget "TableViewDemo" */;
			buildPhases = (
				FB60349A43B66CE59940EA12 /* Check Pods Manifest.lock */,
				5FA236791DEAE4D500CB9279 /* Sources */,
				5FA2367A1DEAE4D500CB9279 /* Frameworks */,
				5FA2367B1DEAE4D500CB9279 /* Resources */,
				E513E7E0422587A47B4B939B /* Embed Pods Frameworks */,
				C93BF2A5AF4261F6F6D90E1B /* Copy Pods Resources */,
			);
			buildRules = (
			);
			dependencies = (
			);
			name = TableViewDemo;
			productName = TableViewDemo;
			productReference = 5FA2367D1DEAE4D500CB9279 /* TableViewDemo.app */;
			productType = "com.apple.product-type.application";
		};
/* End PBXNativeTarget section */

/* Begin PBXProject section */
		5FA236751DEAE4D500CB9279 /* Project object */ = {
			isa = PBXProject;
			attributes = {
				LastUpgradeCheck = 0800;
				ORGANIZATIONNAME = songmeng;
				TargetAttributes = {
					5FA2367C1DEAE4D500CB9279 = {
						CreatedOnToolsVersion = 8.0;
						DevelopmentTeam = 6B7GSC6NZA;
						ProvisioningStyle = Automatic;
					};
				};
			};
			buildConfigurationList = 5FA236781DEAE4D500CB9279 /* Build configuration list for PBXProject "TableViewDemo" */;
			compatibilityVersion = "Xcode 3.2";
			developmentRegion = English;
			hasScannedForEncodings = 0;
			knownRegions = (
				en,
				Base,
			);
			mainGroup = 5FA236741DEAE4D500CB9279;
			productRefGroup = 5FA2367E1DEAE4D500CB9279 /* Products */;
			projectDirPath = "";
			projectRoot = "";
			targets = (
				5FA2367C1DEAE4D500CB9279 /* TableViewDemo */,
			);
		};
/* End PBXProject section */

/* Begin PBXResourcesBuildPhase section */
		5FA2367B1DEAE4D500CB9279 /* Resources */ = {
			isa = PBXResourcesBuildPhase;
			buildActionMask = 2147483647;
			files = (
				5FA236901DEAE4D500CB9279 /* LaunchScreen.storyboard in Resources */,
				5FA2368D1DEAE4D500CB9279 /* Assets.xcassets in Resources */,
				5FA2368B1DEAE4D500CB9279 /* Main.storyboard in Resources */,
				5F40474D1E043F2100BBC7E1 /* TestXIBCell.xib in Resources */,
			);
			runOnlyForDeploymentPostprocessing = 0;
		};
/* End PBXResourcesBuildPhase section */

/* Begin PBXShellScriptBuildPhase section */
		C93BF2A5AF4261F6F6D90E1B /* Copy Pods Resources */ = {
			isa = PBXShellScriptBuildPhase;
			buildActionMask = 2147483647;
			files = (
			);
			inputPaths = (
			);
			name = "Copy Pods Resources";
			outputPaths = (
			);
			runOnlyForDeploymentPostprocessing = 0;
			shellPath = /bin/sh;
			shellScript = "\"${SRCROOT}/Pods/Target Support Files/Pods/Pods-resources.sh\"\n";
			showEnvVarsInLog = 0;
		};
		E513E7E0422587A47B4B939B /* Embed Pods Frameworks */ = {
			isa = PBXShellScriptBuildPhase;
			buildActionMask = 2147483647;
			files = (
			);
			inputPaths = (
			);
			name = "Embed Pods Frameworks";
			outputPaths = (
			);
			runOnlyForDeploymentPostprocessing = 0;
			shellPath = /bin/sh;
			shellScript = "\"${SRCROOT}/Pods/Target Support Files/Pods/Pods-frameworks.sh\"\n";
			showEnvVarsInLog = 0;
		};
		FB60349A43B66CE59940EA12 /* Check Pods Manifest.lock */ = {
			isa = PBXShellScriptBuildPhase;
			buildActionMask = 2147483647;
			files = (
			);
			inputPaths = (
			);
			name = "Check Pods Manifest.lock";
			outputPaths = (
			);
			runOnlyForDeploymentPostprocessing = 0;
			shellPath = /bin/sh;
			shellScript = "diff \"${PODS_ROOT}/../Podfile.lock\" \"${PODS_ROOT}/Manifest.lock\" > /dev/null\nif [[ $? != 0 ]] ; then\n    cat << EOM\nerror: The sandbox is not in sync with the Podfile.lock. Run 'pod install' or update your CocoaPods installation.\nEOM\n    exit 1\nfi\n";
			showEnvVarsInLog = 0;
		};
/* End PBXShellScriptBuildPhase section */

/* Begin PBXSourcesBuildPhase section */
		5FA236791DEAE4D500CB9279 /* Sources */ = {
			isa = PBXSourcesBuildPhase;
			buildActionMask = 2147483647;
			files = (
				5FA236881DEAE4D500CB9279 /* ViewController.m in Sources */,
				5FA236991DEAE50800CB9279 /* TestCell.m in Sources */,
				5FA236851DEAE4D500CB9279 /* AppDelegate.m in Sources */,
				5F40474C1E043F2100BBC7E1 /* TestXIBCell.m in Sources */,
				5FA236821DEAE4D500CB9279 /* main.m in Sources */,
			);
			runOnlyForDeploymentPostprocessing = 0;
		};
/* End PBXSourcesBuildPhase section */

/* Begin PBXVariantGroup section */
		5FA236891DEAE4D500CB9279 /* Main.storyboard */ = {
			isa = PBXVariantGroup;
			children = (
				5FA2368A1DEAE4D500CB9279 /* Base */,
			);
			name = Main.storyboard;
			sourceTree = "<group>";
		};
		5FA2368E1DEAE4D500CB9279 /* LaunchScreen.storyboard */ = {
			isa = PBXVariantGroup;
			children = (
				5FA2368F1DEAE4D500CB9279 /* Base */,
			);
			name = LaunchScreen.storyboard;
			sourceTree = "<group>";
		};
/* End PBXVariantGroup section */

/* Begin XCBuildConfiguration section */
		5FA236921DEAE4D500CB9279 /* Debug */ = {
			isa = XCBuildConfiguration;
			buildSettings = {
				ALWAYS_SEARCH_USER_PATHS = NO;
				CLANG_ANALYZER_NONNULL = YES;
				CLANG_CXX_LANGUAGE_STANDARD = "gnu++0x";
				CLANG_CXX_LIBRARY = "libc++";
				CLANG_ENABLE_MODULES = YES;
				CLANG_ENABLE_OBJC_ARC = YES;
				CLANG_WARN_BOOL_CONVERSION = YES;
				CLANG_WARN_CONSTANT_CONVERSION = YES;
				CLANG_WARN_DIRECT_OBJC_ISA_USAGE = YES_ERROR;
				CLANG_WARN_DOCUMENTATION_COMMENTS = YES;
				CLANG_WARN_EMPTY_BODY = YES;
				CLANG_WARN_ENUM_CONVERSION = YES;
				CLANG_WARN_INFINITE_RECURSION = YES;
				CLANG_WARN_INT_CONVERSION = YES;
				CLANG_WARN_OBJC_ROOT_CLASS = YES_ERROR;
				CLANG_WARN_SUSPICIOUS_MOVES = YES;
				CLANG_WARN_UNREACHABLE_CODE = YES;
				CLANG_WARN__DUPLICATE_METHOD_MATCH = YES;
				"CODE_SIGN_IDENTITY[sdk=iphoneos*]" = "iPhone Developer";
				COPY_PHASE_STRIP = NO;
				DEBUG_INFORMATION_FORMAT = dwarf;
				ENABLE_STRICT_OBJC_MSGSEND = YES;
				ENABLE_TESTABILITY = YES;
				GCC_C_LANGUAGE_STANDARD = gnu99;
				GCC_DYNAMIC_NO_PIC = NO;
				GCC_NO_COMMON_BLOCKS = YES;
				GCC_OPTIMIZATION_LEVEL = 0;
				GCC_PREPROCESSOR_DEFINITIONS = (
					"DEBUG=1",
					"$(inherited)",
				);
				GCC_WARN_64_TO_32_BIT_CONVERSION = YES;
				GCC_WARN_ABOUT_RETURN_TYPE = YES_ERROR;
				GCC_WARN_UNDECLARED_SELECTOR = YES;
				GCC_WARN_UNINITIALIZED_AUTOS = YES_AGGRESSIVE;
				GCC_WARN_UNUSED_FUNCTION = YES;
				GCC_WARN_UNUSED_VARIABLE = YES;
				IPHONEOS_DEPLOYMENT_TARGET = 10.0;
				MTL_ENABLE_DEBUG_INFO = YES;
				ONLY_ACTIVE_ARCH = YES;
				SDKROOT = iphoneos;
			};
			name = Debug;
		};
		5FA236931DEAE4D500CB9279 /* Release */ = {
			isa = XCBuildConfiguration;
			buildSettings = {
				ALWAYS_SEARCH_USER_PATHS = NO;
				CLANG_ANALYZER_NONNULL = YES;
				CLANG_CXX_LANGUAGE_STANDARD = "gnu++0x";
				CLANG_CXX_LIBRARY = "libc++";
				CLANG_ENABLE_MODULES = YES;
				CLANG_ENABLE_OBJC_ARC = YES;
				CLANG_WARN_BOOL_CONVERSION = YES;
				CLANG_WARN_CONSTANT_CONVERSION = YES;
				CLANG_WARN_DIRECT_OBJC_ISA_USAGE = YES_ERROR;
				CLANG_WARN_DOCUMENTATION_COMMENTS = YES;
				CLANG_WARN_EMPTY_BODY = YES;
				CLANG_WARN_ENUM_CONVERSION = YES;
				CLANG_WARN_INFINITE_RECURSION = YES;
				CLANG_WARN_INT_CONVERSION = YES;
				CLANG_WARN_OBJC_ROOT_CLASS = YES_ERROR;
				CLANG_WARN_SUSPICIOUS_MOVES = YES;
				CLANG_WARN_UNREACHABLE_CODE = YES;
				CLANG_WARN__DUPLICATE_METHOD_MATCH = YES;
				"CODE_SIGN_IDENTITY[sdk=iphoneos*]" = "iPhone Developer";
				COPY_PHASE_STRIP = NO;
				DEBUG_INFORMATION_FORMAT = "dwarf-with-dsym";
				ENABLE_NS_ASSERTIONS = NO;
				ENABLE_STRICT_OBJC_MSGSEND = YES;
				GCC_C_LANGUAGE_STANDARD = gnu99;
				GCC_NO_COMMON_BLOCKS = YES;
				GCC_WARN_64_TO_32_BIT_CONVERSION = YES;
				GCC_WARN_ABOUT_RETURN_TYPE = YES_ERROR;
				GCC_WARN_UNDECLARED_SELECTOR = YES;
				GCC_WARN_UNINITIALIZED_AUTOS = YES_AGGRESSIVE;
				GCC_WARN_UNUSED_FUNCTION = YES;
				GCC_WARN_UNUSED_VARIABLE = YES;
				IPHONEOS_DEPLOYMENT_TARGET = 10.0;
				MTL_ENABLE_DEBUG_INFO = NO;
				SDKROOT = iphoneos;
				VALIDATE_PRODUCT = YES;
			};
			name = Release;
		};
		5FA236951DEAE4D500CB9279 /* Debug */ = {
			isa = XCBuildConfiguration;
			baseConfigurationReference = 2FE2AD4357971FF01DF05B35 /* Pods.debug.xcconfig */;
			buildSettings = {
				ASSETCATALOG_COMPILER_APPICON_NAME = AppIcon;
				DEVELOPMENT_TEAM = 6B7GSC6NZA;
				INFOPLIST_FILE = TableViewDemo/Info.plist;
				LD_RUNPATH_SEARCH_PATHS = "$(inherited) @executable_path/Frameworks";
				PRODUCT_BUNDLE_IDENTIFIER = com.songmeng.BeiJing.TableViewDemo;
				PRODUCT_NAME = "$(TARGET_NAME)";
			};
			name = Debug;
		};
		5FA236961DEAE4D500CB9279 /* Release */ = {
			isa = XCBuildConfiguration;
			baseConfigurationReference = F9A3EDCB5DF20183BB505B4B /* Pods.release.xcconfig */;
			buildSettings = {
				ASSETCATALOG_COMPILER_APPICON_NAME = AppIcon;
				DEVELOPMENT_TEAM = 6B7GSC6NZA;
				INFOPLIST_FILE = TableViewDemo/Info.plist;
				LD_RUNPATH_SEARCH_PATHS = "$(inherited) @executable_path/Frameworks";
				PRODUCT_BUNDLE_IDENTIFIER = com.songmeng.BeiJing.TableViewDemo;
				PRODUCT_NAME = "$(TARGET_NAME)";
			};
			name = Release;
		};
/* End XCBuildConfiguration section */

/* Begin XCConfigurationList section */
		5FA236781DEAE4D500CB9279 /* Build configuration list for PBXProject "TableViewDemo" */ = {
			isa = XCConfigurationList;
			buildConfigurations = (
				5FA236921DEAE4D500CB9279 /* Debug */,
				5FA236931DEAE4D500CB9279 /* Release */,
			);
			defaultConfigurationIsVisible = 0;
			defaultConfigurationName = Release;
		};
		5FA236941DEAE4D500CB9279 /* Build configuration list for PBXNativeTarget "TableViewDemo" */ = {
			isa = XCConfigurationList;
			buildConfigurations = (
				5FA236951DEAE4D500CB9279 /* Debug */,
				5FA236961DEAE4D500CB9279 /* Release */,
			);
			defaultConfigurationIsVisible = 0;
			defaultConfigurationName = Release;
		};
/* End XCConfigurationList section */
	};
	rootObject = 5FA236751DEAE4D500CB9279 /* Project object */;
}
